
Microsoft Visual Studio Solution File, Format Version 12.00
# Visual Studio 14
VisualStudioVersion = 14.0.25420.1
MinimumVisualStudioVersion = 10.0.40219.1
Project("{FAE04EC0-301F-11D3-BF4B-00C04F79EFBC}") = "XamlTagApp", "XamlTagApp\XamlTagApp\XamlTagApp.csproj", "{E8C1EE48-72F1-4FCB-87C3-B005B7A4BBE8}"
EndProject
Project("{FAE04EC0-301F-11D3-BF4B-00C04F79EFBC}") = "XamlTagApp.Droid", "XamlTagApp\XamlTagApp.Droid\XamlTagApp.Droid.csproj", "{10C6BB0C-CAD4-4DE4-BB31-3BC6E533D52E}"
EndProject
Project("{FAE04EC0-301F-11D3-BF4B-00C04F79EFBC}") = "XamlTagApp.iOS", "XamlTagApp\XamlTagApp.iOS\XamlTagApp.iOS.csproj", "{FC1B2639-EAF6-4D74-A152-12B7A2A134CA}"
EndProject
Project("{FAE04EC0-301F-11D3-BF4B-00C04F79EFBC}") = "XamlTagApp.Windows", "XamlTagApp\XamlTagApp.Windows\XamlTagApp.Windows.csproj", "{400B2260-1889-4C7D-9EF0-50A332E30AC9}"
EndProject
Global
	GlobalSection(SolutionConfigurationPlatforms) = preSolution
		Ad-Hoc|Any CPU = Ad-Hoc|Any CPU
		Ad-Hoc|ARM = Ad-Hoc|ARM
		Ad-Hoc|iPhone = Ad-Hoc|iPhone
		Ad-Hoc|iPhoneSimulator = Ad-Hoc|iPhoneSimulator
		Ad-Hoc|x64 = Ad-Hoc|x64
		Ad-Hoc|x86 = Ad-Hoc|x86
		AppStore|Any CPU = AppStore|Any CPU
		AppStore|ARM = AppStore|ARM
		AppStore|iPhone = AppStore|iPhone
		AppStore|iPhoneSimulator = AppStore|iPhoneSimulator
		AppStore|x64 = AppStore|x64
		AppStore|x86 = AppStore|x86
		Debug|Any CPU = Debug|Any CPU
		Debug|ARM = Debug|ARM
		Debug|iPhone = Debug|iPhone
		Debug|iPhoneSimulator = Debug|iPhoneSimulator
		Debug|x64 = Debug|x64
		Debug|x86 = Debug|x86
		Release|Any CPU = Release|Any CPU
		Release|ARM = Release|ARM
		Release|iPhone = Release|iPhone
		Release|iPhoneSimulator = Release|iPhoneSimulator
		Release|x64 = Release|x64
		Release|x86 = Release|x86
	EndGlobalSection
	GlobalSection(ProjectConfigurationPlatforms) = postSolution
		{E8C1EE48-72F1-4FCB-87C3-B005B7A4BBE8}.Ad-Hoc|Any CPU.ActiveCfg = Release|Any CPU
		{E8C1EE48-72F1-4FCB-87C3-B005B7A4BBE8}.Ad-Hoc|Any CPU.Build.0 = Release|Any CPU
		{E8C1EE48-72F1-4FCB-87C3-B005B7A4BBE8}.Ad-Hoc|ARM.ActiveCfg = Release|Any CPU
		{E8C1EE48-72F1-4FCB-87C3-B005B7A4BBE8}.Ad-Hoc|ARM.Build.0 = Release|Any CPU
		{E8C1EE48-72F1-4FCB-87C3-B005B7A4BBE8}.Ad-Hoc|iPhone.ActiveCfg = Release|Any CPU
		{E8C1EE48-72F1-4FCB-87C3-B005B7A4BBE8}.Ad-Hoc|iPhone.Build.0 = Release|Any CPU
		{E8C1EE48-72F1-4FCB-87C3-B005B7A4BBE8}.Ad-Hoc|iPhoneSimulator.ActiveCfg = Release|Any CPU
		{E8C1EE48-72F1-4FCB-87C3-B005B7A4BBE8}.Ad-Hoc|iPhoneSimulator.Build.0 = Release|Any CPU
		{E8C1EE48-72F1-4FCB-87C3-B005B7A4BBE8}.Ad-Hoc|x64.ActiveCfg = Release|Any CPU
		{E8C1EE48-72F1-4FCB-87C3-B005B7A4BBE8}.Ad-Hoc|x64.Build.0 = Release|Any CPU
		{E8C1EE48-72F1-4FCB-87C3-B005B7A4BBE8}.Ad-Hoc|x86.ActiveCfg = Release|Any CPU
		{E8C1EE48-72F1-4FCB-87C3-B005B7A4BBE8}.Ad-Hoc|x86.Build.0 = Release|Any CPU
		{E8C1EE48-72F1-4FCB-87C3-B005B7A4BBE8}.AppStore|Any CPU.ActiveCfg = Release|Any CPU
		{E8C1EE48-72F1-4FCB-87C3-B005B7A4BBE8}.AppStore|Any CPU.Build.0 = Release|Any CPU
		{E8C1EE48-72F1-4FCB-87C3-B005B7A4BBE8}.AppStore|ARM.ActiveCfg = Release|Any CPU
		{E8C1EE48-72F1-4FCB-87C3-B005B7A4BBE8}.AppStore|ARM.Build.0 = Release|Any CPU
		{E8C1EE48-72F1-4FCB-87C3-B005B7A4BBE8}.AppStore|iPhone.ActiveCfg = Release|Any CPU
		{E8C1EE48-72F1-4FCB-87C3-B005B7A4BBE8}.AppStore|iPhone.Build.0 = Release|Any CPU
		{E8C1EE48-72F1-4FCB-87C3-B005B7A4BBE8}.AppStore|iPhoneSimulator.ActiveCfg = Release|Any CPU
		{E8C1EE48-72F1-4FCB-87C3-B005B7A4BBE8}.AppStore|iPhoneSimulator.Build.0 = Release|Any CPU
		{E8C1EE48-72F1-4FCB-87C3-B005B7A4BBE8}.AppStore|x64.ActiveCfg = Release|Any CPU
		{E8C1EE48-72F1-4FCB-87C3-B005B7A4BBE8}.AppStore|x64.Build.0 = Release|Any CPU
		{E8C1EE48-72F1-4FCB-87C3-B005B7A4BBE8}.AppStore|x86.ActiveCfg = Release|Any CPU
		{E8C1EE48-72F1-4FCB-87C3-B005B7A4BBE8}.AppStore|x86.Build.0 = Release|Any CPU
		{E8C1EE48-72F1-4FCB-87C3-B005B7A4BBE8}.Debug|Any CPU.ActiveCfg = Debug|Any CPU
		{E8C1EE48-72F1-4FCB-87C3-B005B7A4BBE8}.Debug|Any CPU.Build.0 = Debug|Any CPU
		{E8C1EE48-72F1-4FCB-87C3-B005B7A4BBE8}.Debug|ARM.ActiveCfg = Debug|Any CPU
		{E8C1EE48-72F1-4FCB-87C3-B005B7A4BBE8}.Debug|ARM.Build.0 = Debug|Any CPU
		{E8C1EE48-72F1-4FCB-87C3-B005B7A4BBE8}.Debug|iPhone.ActiveCfg = Debug|Any CPU
		{E8C1EE48-72F1-4FCB-87C3-B005B7A4BBE8}.Debug|iPhone.Build.0 = Debug|Any CPU
		{E8C1EE48-72F1-4FCB-87C3-B005B7A4BBE8}.Debug|iPhoneSimulator.ActiveCfg = Debug|Any CPU
		{E8C1EE48-72F1-4FCB-87C3-B005B7A4BBE8}.Debug|iPhoneSimulator.Build.0 = Debug|Any CPU
		{E8C1EE48-72F1-4FCB-87C3-B005B7A4BBE8}.Debug|x64.ActiveCfg = Debug|Any CPU
		{E8C1EE48-72F1-4FCB-87C3-B005B7A4BBE8}.Debug|x64.Build.0 = Debug|Any CPU
		{E8C1EE48-72F1-4FCB-87C3-B005B7A4BBE8}.Debug|x86.ActiveCfg = Debug|Any CPU
		{E8C1EE48-72F1-4FCB-87C3-B005B7A4BBE8}.Debug|x86.Build.0 = Debug|Any CPU
		{E8C1EE48-72F1-4FCB-87C3-B005B7A4BBE8}.Release|Any CPU.ActiveCfg = Release|Any CPU
		{E8C1EE48-72F1-4FCB-87C3-B005B7A4BBE8}.Release|Any CPU.Build.0 = Release|Any CPU
		{E8C1EE48-72F1-4FCB-87C3-B005B7A4BBE8}.Release|ARM.ActiveCfg = Release|Any CPU
		{E8C1EE48-72F1-4FCB-87C3-B005B7A4BBE8}.Release|ARM.Build.0 = Release|Any CPU
		{E8C1EE48-72F1-4FCB-87C3-B005B7A4BBE8}.Release|iPhone.ActiveCfg = Release|Any CPU
		{E8C1EE48-72F1-4FCB-87C3-B005B7A4BBE8}.Release|iPhone.Build.0 = Release|Any CPU
		{E8C1EE48-72F1-4FCB-87C3-B005B7A4BBE8}.Release|iPhoneSimulator.ActiveCfg = Release|Any CPU
		{E8C1EE48-72F1-4FCB-87C3-B005B7A4BBE8}.Release|iPhoneSimulator.Build.0 = Release|Any CPU
		{E8C1EE48-72F1-4FCB-87C3-B005B7A4BBE8}.Release|x64.ActiveCfg = Release|Any CPU
		{E8C1EE48-72F1-4FCB-87C3-B005B7A4BBE8}.Release|x64.Build.0 = Release|Any CPU
		{E8C1EE48-72F1-4FCB-87C3-B005B7A4BBE8}.Release|x86.ActiveCfg = Release|Any CPU
		{E8C1EE48-72F1-4FCB-87C3-B005B7A4BBE8}.Release|x86.Build.0 = Release|Any CPU
		{10C6BB0C-CAD4-4DE4-BB31-3BC6E533D52E}.Ad-Hoc|Any CPU.ActiveCfg = Release|Any CPU
		{10C6BB0C-CAD4-4DE4-BB31-3BC6E533D52E}.Ad-Hoc|Any CPU.Build.0 = Release|Any CPU
		{10C6BB0C-CAD4-4DE4-BB31-3BC6E533D52E}.Ad-Hoc|Any CPU.Deploy.0 = Release|Any CPU
		{10C6BB0C-CAD4-4DE4-BB31-3BC6E533D52E}.Ad-Hoc|ARM.ActiveCfg = Release|Any CPU
		{10C6BB0C-CAD4-4DE4-BB31-3BC6E533D52E}.Ad-Hoc|ARM.Build.0 = Release|Any CPU
		{10C6BB0C-CAD4-4DE4-BB31-3BC6E533D52E}.Ad-Hoc|ARM.Deploy.0 = Release|Any CPU
		{10C6BB0C-CAD4-4DE4-BB31-3BC6E533D52E}.Ad-Hoc|iPhone.ActiveCfg = Release|Any CPU
		{10C6BB0C-CAD4-4DE4-BB31-3BC6E533D52E}.Ad-Hoc|iPhone.Build.0 = Release|Any CPU
		{10C6BB0C-CAD4-4DE4-BB31-3BC6E533D52E}.Ad-Hoc|iPhone.Deploy.0 = Release|Any CPU
		{10C6BB0C-CAD4-4DE4-BB31-3BC6E533D52E}.Ad-Hoc|iPhoneSimulator.ActiveCfg = Release|Any CPU
		{10C6BB0C-CAD4-4DE4-BB31-3BC6E533D52E}.Ad-Hoc|iPhoneSimulator.Build.0 = Release|Any CPU
		{10C6BB0C-CAD4-4DE4-BB31-3BC6E533D52E}.Ad-Hoc|iPhoneSimulator.Deploy.0 = Release|Any CPU
		{10C6BB0C-CAD4-4DE4-BB31-3BC6E533D52E}.Ad-Hoc|x64.ActiveCfg = Release|Any CPU
		{10C6BB0C-CAD4-4DE4-BB31-3BC6E533D52E}.Ad-Hoc|x64.Build.0 = Release|Any CPU
		{10C6BB0C-CAD4-4DE4-BB31-3BC6E533D52E}.Ad-Hoc|x64.Deploy.0 = Release|Any CPU
		{10C6BB0C-CAD4-4DE4-BB31-3BC6E533D52E}.Ad-Hoc|x86.ActiveCfg = Release|Any CPU
		{10C6BB0C-CAD4-4DE4-BB31-3BC6E533D52E}.Ad-Hoc|x86.Build.0 = Release|Any CPU
		{10C6BB0C-CAD4-4DE4-BB31-3BC6E533D52E}.Ad-Hoc|x86.Deploy.0 = Release|Any CPU
		{10C6BB0C-CAD4-4DE4-BB31-3BC6E533D52E}.AppStore|Any CPU.ActiveCfg = Release|Any CPU
		{10C6BB0C-CAD4-4DE4-BB31-3BC6E533D52E}.AppStore|Any CPU.Build.0 = Release|Any CPU
		{10C6BB0C-CAD4-4DE4-BB31-3BC6E533D52E}.AppStore|Any CPU.Deploy.0 = Release|Any CPU
		{10C6BB0C-CAD4-4DE4-BB31-3BC6E533D52E}.AppStore|ARM.ActiveCfg = Release|Any CPU
		{10C6BB0C-CAD4-4DE4-BB31-3BC6E533D52E}.AppStore|ARM.Build.0 = Release|Any CPU
		{10C6BB0C-CAD4-4DE4-BB31-3BC6E533D52E}.AppStore|ARM.Deploy.0 = Release|Any CPU
		{10C6BB0C-CAD4-4DE4-BB31-3BC6E533D52E}.AppStore|iPhone.ActiveCfg = Release|Any CPU
		{10C6BB0C-CAD4-4DE4-BB31-3BC6E533D52E}.AppStore|iPhone.Build.0 = Release|Any CPU
		{10C6BB0C-CAD4-4DE4-BB31-3BC6E533D52E}.AppStore|iPhone.Deploy.0 = Release|Any CPU
		{10C6BB0C-CAD4-4DE4-BB31-3BC6E533D52E}.AppStore|iPhoneSimulator.ActiveCfg = Release|Any CPU
		{10C6BB0C-CAD4-4DE4-BB31-3BC6E533D52E}.AppStore|iPhoneSimulator.Build.0 = Release|Any CPU
		{10C6BB0C-CAD4-4DE4-BB31-3BC6E533D52E}.AppStore|iPhoneSimulator.Deploy.0 = Release|Any CPU
		{10C6BB0C-CAD4-4DE4-BB31-3BC6E533D52E}.AppStore|x64.ActiveCfg = Release|Any CPU
		{10C6BB0C-CAD4-4DE4-BB31-3BC6E533D52E}.AppStore|x64.Build.0 = Release|Any CPU
		{10C6BB0C-CAD4-4DE4-BB31-3BC6E533D52E}.AppStore|x64.Deploy.0 = Release|Any CPU
		{10C6BB0C-CAD4-4DE4-BB31-3BC6E533D52E}.AppStore|x86.ActiveCfg = Release|Any CPU
		{10C6BB0C-CAD4-4DE4-BB31-3BC6E533D52E}.AppStore|x86.Build.0 = Release|Any CPU
		{10C6BB0C-CAD4-4DE4-BB31-3BC6E533D52E}.AppStore|x86.Deploy.0 = Release|Any CPU
		{10C6BB0C-CAD4-4DE4-BB31-3BC6E533D52E}.Debug|Any CPU.ActiveCfg = Debug|Any CPU
		{10C6BB0C-CAD4-4DE4-BB31-3BC6E533D52E}.Debug|Any CPU.Build.0 = Debug|Any CPU
		{10C6BB0C-CAD4-4DE4-BB31-3BC6E533D52E}.Debug|Any CPU.Deploy.0 = Debug|Any CPU
		{10C6BB0C-CAD4-4DE4-BB31-3BC6E533D52E}.Debug|ARM.ActiveCfg = Debug|Any CPU
		{10C6BB0C-CAD4-4DE4-BB31-3BC6E533D52E}.Debug|ARM.Build.0 = Debug|Any CPU
		{10C6BB0C-CAD4-4DE4-BB31-3BC6E533D52E}.Debug|ARM.Deploy.0 = Debug|Any CPU
		{10C6BB0C-CAD4-4DE4-BB31-3BC6E533D52E}.Debug|iPhone.ActiveCfg = Debug|Any CPU
		{10C6BB0C-CAD4-4DE4-BB31-3BC6E533D52E}.Debug|iPhone.Build.0 = Debug|Any CPU
		{10C6BB0C-CAD4-4DE4-BB31-3BC6E533D52E}.Debug|iPhone.Deploy.0 = Debug|Any CPU
		{10C6BB0C-CAD4-4DE4-BB31-3BC6E533D52E}.Debug|iPhoneSimulator.ActiveCfg = Debug|Any CPU
		{10C6BB0C-CAD4-4DE4-BB31-3BC6E533D52E}.Debug|iPhoneSimulator.Build.0 = Debug|Any CPU
		{10C6BB0C-CAD4-4DE4-BB31-3BC6E533D52E}.Debug|iPhoneSimulator.Deploy.0 = Debug|Any CPU
		{10C6BB0C-CAD4-4DE4-BB31-3BC6E533D52E}.Debug|x64.ActiveCfg = Debug|Any CPU
		{10C6BB0C-CAD4-4DE4-BB31-3BC6E533D52E}.Debug|x64.Build.0 = Debug|Any CPU
		{10C6BB0C-CAD4-4DE4-BB31-3BC6E533D52E}.Debug|x64.Deploy.0 = Debug|Any CPU
		{10C6BB0C-CAD4-4DE4-BB31-3BC6E533D52E}.Debug|x86.ActiveCfg = Debug|Any CPU
		{10C6BB0C-CAD4-4DE4-BB31-3BC6E533D52E}.Debug|x86.Build.0 = Debug|Any CPU
		{10C6BB0C-CAD4-4DE4-BB31-3BC6E533D52E}.Debug|x86.Deploy.0 = Debug|Any CPU
		{10C6BB0C-CAD4-4DE4-BB31-3BC6E533D52E}.Release|Any CPU.ActiveCfg = Release|Any CPU
		{10C6BB0C-CAD4-4DE4-BB31-3BC6E533D52E}.Release|Any CPU.Build.0 = Release|Any CPU
		{10C6BB0C-CAD4-4DE4-BB31-3BC6E533D52E}.Release|Any CPU.Deploy.0 = Release|Any CPU
		{10C6BB0C-CAD4-4DE4-BB31-3BC6E533D52E}.Release|ARM.ActiveCfg = Release|Any CPU
		{10C6BB0C-CAD4-4DE4-BB31-3BC6E533D52E}.Release|ARM.Build.0 = Release|Any CPU
		{10C6BB0C-CAD4-4DE4-BB31-3BC6E533D52E}.Release|ARM.Deploy.0 = Release|Any CPU
		{10C6BB0C-CAD4-4DE4-BB31-3BC6E533D52E}.Release|iPhone.ActiveCfg = Release|Any CPU
		{10C6BB0C-CAD4-4DE4-BB31-3BC6E533D52E}.Release|iPhone.Build.0 = Release|Any CPU
		{10C6BB0C-CAD4-4DE4-BB31-3BC6E533D52E}.Release|iPhone.Deploy.0 = Release|Any CPU
		{10C6BB0C-CAD4-4DE4-BB31-3BC6E533D52E}.Release|iPhoneSimulator.ActiveCfg = Release|Any CPU
		{10C6BB0C-CAD4-4DE4-BB31-3BC6E533D52E}.Release|iPhoneSimulator.Build.0 = Release|Any CPU
		{10C6BB0C-CAD4-4DE4-BB31-3BC6E533D52E}.Release|iPhoneSimulator.Deploy.0 = Release|Any CPU
		{10C6BB0C-CAD4-4DE4-BB31-3BC6E533D52E}.Release|x64.ActiveCfg = Release|Any CPU
		{10C6BB0C-CAD4-4DE4-BB31-3BC6E533D52E}.Release|x64.Build.0 = Release|Any CPU
		{10C6BB0C-CAD4-4DE4-BB31-3BC6E533D52E}.Release|x64.Deploy.0 = Release|Any CPU
		{10C6BB0C-CAD4-4DE4-BB31-3BC6E533D52E}.Release|x86.ActiveCfg = Release|Any CPU
		{10C6BB0C-CAD4-4DE4-BB31-3BC6E533D52E}.Release|x86.Build.0 = Release|Any CPU
		{10C6BB0C-CAD4-4DE4-BB31-3BC6E533D52E}.Release|x86.Deploy.0 = Release|Any CPU
		{FC1B2639-EAF6-4D74-A152-12B7A2A134CA}.Ad-Hoc|Any CPU.ActiveCfg = Ad-Hoc|iPhone
		{FC1B2639-EAF6-4D74-A152-12B7A2A134CA}.Ad-Hoc|ARM.ActiveCfg = Ad-Hoc|iPhone
		{FC1B2639-EAF6-4D74-A152-12B7A2A134CA}.Ad-Hoc|iPhone.ActiveCfg = Ad-Hoc|iPhone
		{FC1B2639-EAF6-4D74-A152-12B7A2A134CA}.Ad-Hoc|iPhone.Build.0 = Ad-Hoc|iPhone
		{FC1B2639-EAF6-4D74-A152-12B7A2A134CA}.Ad-Hoc|iPhoneSimulator.ActiveCfg = Ad-Hoc|iPhoneSimulator
		{FC1B2639-EAF6-4D74-A152-12B7A2A134CA}.Ad-Hoc|iPhoneSimulator.Build.0 = Ad-Hoc|iPhoneSimulator
		{FC1B2639-EAF6-4D74-A152-12B7A2A134CA}.Ad-Hoc|x64.ActiveCfg = Ad-Hoc|iPhone
		{FC1B2639-EAF6-4D74-A152-12B7A2A134CA}.Ad-Hoc|x86.ActiveCfg = Ad-Hoc|iPhone
		{FC1B2639-EAF6-4D74-A152-12B7A2A134CA}.AppStore|Any CPU.ActiveCfg = AppStore|iPhone
		{FC1B2639-EAF6-4D74-A152-12B7A2A134CA}.AppStore|ARM.ActiveCfg = AppStore|iPhone
		{FC1B2639-EAF6-4D74-A152-12B7A2A134CA}.AppStore|iPhone.ActiveCfg = AppStore|iPhone
		{FC1B2639-EAF6-4D74-A152-12B7A2A134CA}.AppStore|iPhone.Build.0 = AppStore|iPhone
		{FC1B2639-EAF6-4D74-A152-12B7A2A134CA}.AppStore|iPhoneSimulator.ActiveCfg = AppStore|iPhoneSimulator
		{FC1B2639-EAF6-4D74-A152-12B7A2A134CA}.AppStore|iPhoneSimulator.Build.0 = AppStore|iPhoneSimulator
		{FC1B2639-EAF6-4D74-A152-12B7A2A134CA}.AppStore|x64.ActiveCfg = AppStore|iPhone
		{FC1B2639-EAF6-4D74-A152-12B7A2A134CA}.AppStore|x86.ActiveCfg = AppStore|iPhone
		{FC1B2639-EAF6-4D74-A152-12B7A2A134CA}.Debug|Any CPU.ActiveCfg = Debug|iPhone
		{FC1B2639-EAF6-4D74-A152-12B7A2A134CA}.Debug|ARM.ActiveCfg = Debug|iPhone
		{FC1B2639-EAF6-4D74-A152-12B7A2A134CA}.Debug|iPhone.ActiveCfg = Debug|iPhone
		{FC1B2639-EAF6-4D74-A152-12B7A2A134CA}.Debug|iPhone.Build.0 = Debug|iPhone
		{FC1B2639-EAF6-4D74-A152-12B7A2A134CA}.Debug|iPhoneSimulator.ActiveCfg = Debug|iPhoneSimulator
		{FC1B2639-EAF6-4D74-A152-12B7A2A134CA}.Debug|iPhoneSimulator.Build.0 = Debug|iPhoneSimulator
		{FC1B2639-EAF6-4D74-A152-12B7A2A134CA}.Debug|x64.ActiveCfg = Debug|iPhone
		{FC1B2639-EAF6-4D74-A152-12B7A2A134CA}.Debug|x86.ActiveCfg = Debug|iPhone
		{FC1B2639-EAF6-4D74-A152-12B7A2A134CA}.Release|Any CPU.ActiveCfg = Release|iPhone
		{FC1B2639-EAF6-4D74-A152-12B7A2A134CA}.Release|ARM.ActiveCfg = Release|iPhone
		{FC1B2639-EAF6-4D74-A152-12B7A2A134CA}.Release|iPhone.ActiveCfg = Release|iPhone
		{FC1B2639-EAF6-4D74-A152-12B7A2A134CA}.Release|iPhone.Build.0 = Release|iPhone
		{FC1B2639-EAF6-4D74-A152-12B7A2A134CA}.Release|iPhoneSimulator.ActiveCfg = Release|iPhoneSimulator
		{FC1B2639-EAF6-4D74-A152-12B7A2A134CA}.Release|iPhoneSimulator.Build.0 = Release|iPhoneSimulator
		{FC1B2639-EAF6-4D74-A152-12B7A2A134CA}.Release|x64.ActiveCfg = Release|iPhone
		{FC1B2639-EAF6-4D74-A152-12B7A2A134CA}.Release|x86.ActiveCfg = Release|iPhone
		{400B2260-1889-4C7D-9EF0-50A332E30AC9}.Ad-Hoc|Any CPU.ActiveCfg = Release|Any CPU
		{400B2260-1889-4C7D-9EF0-50A332E30AC9}.Ad-Hoc|Any CPU.Build.0 = Release|Any CPU
		{400B2260-1889-4C7D-9EF0-50A332E30AC9}.Ad-Hoc|ARM.ActiveCfg = Release|ARM
		{400B2260-1889-4C7D-9EF0-50A332E30AC9}.Ad-Hoc|ARM.Build.0 = Release|ARM
		{400B2260-1889-4C7D-9EF0-50A332E30AC9}.Ad-Hoc|iPhone.ActiveCfg = Release|Any CPU
		{400B2260-1889-4C7D-9EF0-50A332E30AC9}.Ad-Hoc|iPhone.Build.0 = Release|Any CPU
		{400B2260-1889-4C7D-9EF0-50A332E30AC9}.Ad-Hoc|iPhoneSimulator.ActiveCfg = Release|Any CPU
		{400B2260-1889-4C7D-9EF0-50A332E30AC9}.Ad-Hoc|iPhoneSimulator.Build.0 = Release|Any CPU
		{400B2260-1889-4C7D-9EF0-50A332E30AC9}.Ad-Hoc|x64.ActiveCfg = Release|x64
		{400B2260-1889-4C7D-9EF0-50A332E30AC9}.Ad-Hoc|x64.Build.0 = Release|x64
		{400B2260-1889-4C7D-9EF0-50A332E30AC9}.Ad-Hoc|x86.ActiveCfg = Release|x86
		{400B2260-1889-4C7D-9EF0-50A332E30AC9}.Ad-Hoc|x86.Build.0 = Release|x86
		{400B2260-1889-4C7D-9EF0-50A332E30AC9}.AppStore|Any CPU.ActiveCfg = Release|Any CPU
		{400B2260-1889-4C7D-9EF0-50A332E30AC9}.AppStore|Any CPU.Build.0 = Release|Any CPU
		{400B2260-1889-4C7D-9EF0-50A332E30AC9}.AppStore|ARM.ActiveCfg = Release|ARM
		{400B2260-1889-4C7D-9EF0-50A332E30AC9}.AppStore|ARM.Build.0 = Release|ARM
		{400B2260-1889-4C7D-9EF0-50A332E30AC9}.AppStore|iPhone.ActiveCfg = Release|Any CPU
		{400B2260-1889-4C7D-9EF0-50A332E30AC9}.AppStore|iPhone.Build.0 = Release|Any CPU
		{400B2260-1889-4C7D-9EF0-50A332E30AC9}.AppStore|iPhoneSimulator.ActiveCfg = Release|Any CPU
		{400B2260-1889-4C7D-9EF0-50A332E30AC9}.AppStore|iPhoneSimulator.Build.0 = Release|Any CPU
		{400B2260-1889-4C7D-9EF0-50A332E30AC9}.AppStore|x64.ActiveCfg = Release|x64
		{400B2260-1889-4C7D-9EF0-50A332E30AC9}.AppStore|x64.Build.0 = Release|x64
		{400B2260-1889-4C7D-9EF0-50A332E30AC9}.AppStore|x86.ActiveCfg = Release|x86
		{400B2260-1889-4C7D-9EF0-50A332E30AC9}.AppStore|x86.Build.0 = Release|x86
		{400B2260-1889-4C7D-9EF0-50A332E30AC9}.Debug|Any CPU.ActiveCfg = Debug|Any CPU
		{400B2260-1889-4C7D-9EF0-50A332E30AC9}.Debug|Any CPU.Build.0 = Debug|Any CPU
		{400B2260-1889-4C7D-9EF0-50A332E30AC9}.Debug|ARM.ActiveCfg = Debug|ARM
		{400B2260-1889-4C7D-9EF0-50A332E30AC9}.Debug|ARM.Build.0 = Debug|ARM
		{400B2260-1889-4C7D-9EF0-50A332E30AC9}.Debug|iPhone.ActiveCfg = Debug|Any CPU
		{400B2260-1889-4C7D-9EF0-50A332E30AC9}.Debug|iPhone.Build.0 = Debug|Any CPU
		{400B2260-1889-4C7D-9EF0-50A332E30AC9}.Debug|iPhoneSimulator.ActiveCfg = Debug|Any CPU
		{400B2260-1889-4C7D-9EF0-50A332E30AC9}.Debug|iPhoneSimulator.Build.0 = Debug|Any CPU
		{400B2260-1889-4C7D-9EF0-50A332E30AC9}.Debug|x64.ActiveCfg = Debug|x64
		{400B2260-1889-4C7D-9EF0-50A332E30AC9}.Debug|x64.Build.0 = Debug|x64
		{400B2260-1889-4C7D-9EF0-50A332E30AC9}.Debug|x86.ActiveCfg = Debug|x86
		{400B2260-1889-4C7D-9EF0-50A332E30AC9}.Debug|x86.Build.0 = Debug|x86
		{400B2260-1889-4C7D-9EF0-50A332E30AC9}.Release|Any CPU.ActiveCfg = Release|Any CPU
		{400B2260-1889-4C7D-9EF0-50A332E30AC9}.Release|Any CPU.Build.0 = Release|Any CPU
		{400B2260-1889-4C7D-9EF0-50A332E30AC9}.Release|ARM.ActiveCfg = Release|ARM
		{400B2260-1889-4C7D-9EF0-50A332E30AC9}.Release|ARM.Build.0 = Release|ARM
		{400B2260-1889-4C7D-9EF0-50A332E30AC9}.Release|iPhone.ActiveCfg = Release|Any CPU
		{400B2260-1889-4C7D-9EF0-50A332E30AC9}.Release|iPhone.Build.0 = Release|Any CPU
		{400B2260-1889-4C7D-9EF0-50A332E30AC9}.Release|iPhoneSimulator.ActiveCfg = Release|Any CPU
		{400B2260-1889-4C7D-9EF0-50A332E30AC9}.Release|iPhoneSimulator.Build.0 = Release|Any CPU
		{400B2260-1889-4C7D-9EF0-50A332E30AC9}.Release|x64.ActiveCfg = Release|x64
		{400B2260-1889-4C7D-9EF0-50A332E30AC9}.Release|x64.Build.0 = Release|x64
		{400B2260-1889-4C7D-9EF0-50A332E30AC9}.Release|x86.ActiveCfg = Release|x86
		{400B2260-1889-4C7D-9EF0-50A332E30AC9}.Release|x86.Build.0 = Release|x86
	EndGlobalSection
	GlobalSection(SolutionProperties) = preSolution
		HideSolutionNode = FALSE
	EndGlobalSection
EndGlobal
